
Microsoft Visual Studio Solution File, Format Version 12.00
# Visual Studio Version 16
VisualStudioVersion = 16.0.30503.244
MinimumVisualStudioVersion = 10.0.40219.1
Project("{FAE04EC0-301F-11D3-BF4B-00C04F79EFBC}") = "19010230_e_commerce_store", "19010230_e_commerce_store\19010230_e_commerce_store.csproj", "{7D856683-2BEF-4FA3-8488-FFE2EACFDA24}"
EndProject
Global
	GlobalSection(SolutionConfigurationPlatforms) = preSolution
		Debug|Any CPU = Debug|Any CPU
		Release|Any CPU = Release|Any CPU
	EndGlobalSection
	GlobalSection(ProjectConfigurationPlatforms) = postSolution
		{7D856683-2BEF-4FA3-8488-FFE2EACFDA24}.Debug|Any CPU.ActiveCfg = Debug|Any CPU
		{7D856683-2BEF-4FA3-8488-FFE2EACFDA24}.Debug|Any CPU.Build.0 = Debug|Any CPU
		{7D856683-2BEF-4FA3-8488-FFE2EACFDA24}.Release|Any CPU.ActiveCfg = Release|Any CPU
		{7D856683-2BEF-4FA3-8488-FFE2EACFDA24}.Release|Any CPU.Build.0 = Release|Any CPU
	EndGlobalSection
	GlobalSection(SolutionProperties) = preSolution
		HideSolutionNode = FALSE
	EndGlobalSection
	GlobalSection(ExtensibilityGlobals) = postSolution
		SolutionGuid = {9F211F25-D50F-42DF-9360-BC0D23BD036A}
	EndGlobalSection
EndGlobal
